
Microsoft Visual Studio Solution File, Format Version 12.00
# Visual Studio 15
VisualStudioVersion = 15.0.28307.779
MinimumVisualStudioVersion = 10.0.40219.1
Project("{FAE04EC0-301F-11D3-BF4B-00C04F79EFBC}") = "HelloWorld", "HelloWorld\HelloWorld.csproj", "{DBBA7249-399C-4360-8B4A-DE1D2360876C}"
EndProject
Global
	GlobalSection(SolutionConfigurationPlatforms) = preSolution
		Debug|Any CPU = Debug|Any CPU
		Release|Any CPU = Release|Any CPU
	EndGlobalSection
	GlobalSection(ProjectConfigurationPlatforms) = postSolution
		{DBBA7249-399C-4360-8B4A-DE1D2360876C}.Debug|Any CPU.ActiveCfg = Debug|Any CPU
		{DBBA7249-399C-4360-8B4A-DE1D2360876C}.Debug|Any CPU.Build.0 = Debug|Any CPU
		{DBBA7249-399C-4360-8B4A-DE1D2360876C}.Release|Any CPU.ActiveCfg = Release|Any CPU
		{DBBA7249-399C-4360-8B4A-DE1D2360876C}.Release|Any CPU.Build.0 = Release|Any CPU
	EndGlobalSection
	GlobalSection(SolutionProperties) = preSolution
		HideSolutionNode = FALSE
	EndGlobalSection
	GlobalSection(ExtensibilityGlobals) = postSolution
		SolutionGuid = {BA376F1F-A50F-48DF-9A3E-63D726697C9C}
	EndGlobalSection
EndGlobal
